
Microsoft Visual Studio Solution File, Format Version 12.00
# Visual Studio Version 17
VisualStudioVersion = 17.8.34525.116
MinimumVisualStudioVersion = 10.0.40219.1
Project("{FAE04EC0-301F-11D3-BF4B-00C04F79EFBC}") = "WinFormsApp1", "WinFormsApp1\WinFormsApp1.csproj", "{049F2E0A-55D4-44E2-BF04-621A8F7B6336}"
EndProject
Global
	GlobalSection(SolutionConfigurationPlatforms) = preSolution
		Debug|Any CPU = Debug|Any CPU
		Release|Any CPU = Release|Any CPU
	EndGlobalSection
	GlobalSection(ProjectConfigurationPlatforms) = postSolution
		{049F2E0A-55D4-44E2-BF04-621A8F7B6336}.Debug|Any CPU.ActiveCfg = Debug|Any CPU
		{049F2E0A-55D4-44E2-BF04-621A8F7B6336}.Debug|Any CPU.Build.0 = Debug|Any CPU
		{049F2E0A-55D4-44E2-BF04-621A8F7B6336}.Release|Any CPU.ActiveCfg = Release|Any CPU
		{049F2E0A-55D4-44E2-BF04-621A8F7B6336}.Release|Any CPU.Build.0 = Release|Any CPU
	EndGlobalSection
	GlobalSection(SolutionProperties) = preSolution
		HideSolutionNode = FALSE
	EndGlobalSection
	GlobalSection(ExtensibilityGlobals) = postSolution
		SolutionGuid = {E182AD6A-6987-4489-B000-616D94C72712}
	EndGlobalSection
EndGlobal
